
Microsoft Visual Studio Solution File, Format Version 12.00
# Visual Studio Version 16
VisualStudioVersion = 16.0.33328.57
MinimumVisualStudioVersion = 10.0.40219.1
Project("{FAE04EC0-301F-11D3-BF4B-00C04F79EFBC}") = "Method", "Method\Method.csproj", "{7AB53875-250E-47B6-8D3D-555EBD9E9D86}"
EndProject
Project("{FAE04EC0-301F-11D3-BF4B-00C04F79EFBC}") = "Fibonacci", "Fibonacci\Fibonacci.csproj", "{0D7B3944-8194-44B5-A6A1-BF7A972A0CE5}"
EndProject
Project("{FAE04EC0-301F-11D3-BF4B-00C04F79EFBC}") = "SwapByValue", "SwapByValue\SwapByValue.csproj", "{BAF660F7-836A-4F50-9B42-69DF5659A6C4}"
EndProject
Project("{FAE04EC0-301F-11D3-BF4B-00C04F79EFBC}") = "SwapByRef", "SwapByRef\SwapByRef.csproj", "{103C28A0-E97B-47B0-8CEA-C0435903D962}"
EndProject
Project("{FAE04EC0-301F-11D3-BF4B-00C04F79EFBC}") = "RefReturn", "RefReturn\RefReturn.csproj", "{DB22B2A4-5EB5-4213-9238-47AA8B0E7AEE}"
EndProject
Project("{FAE04EC0-301F-11D3-BF4B-00C04F79EFBC}") = "Usingout", "Usingout\Usingout.csproj", "{7CEE2416-0AD1-4B08-9925-CA2BD94C00E0}"
EndProject
Project("{FAE04EC0-301F-11D3-BF4B-00C04F79EFBC}") = "OverLoading", "OverLoading\OverLoading.csproj", "{D93503E7-6453-42D2-ACB7-CF59C675C35A}"
EndProject
Project("{FAE04EC0-301F-11D3-BF4B-00C04F79EFBC}") = "UsingParams", "UsingParams\UsingParams.csproj", "{3DC552B4-F4DB-43F1-A861-256D934EAB0E}"
EndProject
Global
	GlobalSection(SolutionConfigurationPlatforms) = preSolution
		Debug|Any CPU = Debug|Any CPU
		Release|Any CPU = Release|Any CPU
	EndGlobalSection
	GlobalSection(ProjectConfigurationPlatforms) = postSolution
		{7AB53875-250E-47B6-8D3D-555EBD9E9D86}.Debug|Any CPU.ActiveCfg = Debug|Any CPU
		{7AB53875-250E-47B6-8D3D-555EBD9E9D86}.Debug|Any CPU.Build.0 = Debug|Any CPU
		{7AB53875-250E-47B6-8D3D-555EBD9E9D86}.Release|Any CPU.ActiveCfg = Release|Any CPU
		{7AB53875-250E-47B6-8D3D-555EBD9E9D86}.Release|Any CPU.Build.0 = Release|Any CPU
		{0D7B3944-8194-44B5-A6A1-BF7A972A0CE5}.Debug|Any CPU.ActiveCfg = Debug|Any CPU
		{0D7B3944-8194-44B5-A6A1-BF7A972A0CE5}.Debug|Any CPU.Build.0 = Debug|Any CPU
		{0D7B3944-8194-44B5-A6A1-BF7A972A0CE5}.Release|Any CPU.ActiveCfg = Release|Any CPU
		{0D7B3944-8194-44B5-A6A1-BF7A972A0CE5}.Release|Any CPU.Build.0 = Release|Any CPU
		{BAF660F7-836A-4F50-9B42-69DF5659A6C4}.Debug|Any CPU.ActiveCfg = Debug|Any CPU
		{BAF660F7-836A-4F50-9B42-69DF5659A6C4}.Debug|Any CPU.Build.0 = Debug|Any CPU
		{BAF660F7-836A-4F50-9B42-69DF5659A6C4}.Release|Any CPU.ActiveCfg = Release|Any CPU
		{BAF660F7-836A-4F50-9B42-69DF5659A6C4}.Release|Any CPU.Build.0 = Release|Any CPU
		{103C28A0-E97B-47B0-8CEA-C0435903D962}.Debug|Any CPU.ActiveCfg = Debug|Any CPU
		{103C28A0-E97B-47B0-8CEA-C0435903D962}.Debug|Any CPU.Build.0 = Debug|Any CPU
		{103C28A0-E97B-47B0-8CEA-C0435903D962}.Release|Any CPU.ActiveCfg = Release|Any CPU
		{103C28A0-E97B-47B0-8CEA-C0435903D962}.Release|Any CPU.Build.0 = Release|Any CPU
		{DB22B2A4-5EB5-4213-9238-47AA8B0E7AEE}.Debug|Any CPU.ActiveCfg = Debug|Any CPU
		{DB22B2A4-5EB5-4213-9238-47AA8B0E7AEE}.Debug|Any CPU.Build.0 = Debug|Any CPU
		{DB22B2A4-5EB5-4213-9238-47AA8B0E7AEE}.Release|Any CPU.ActiveCfg = Release|Any CPU
		{DB22B2A4-5EB5-4213-9238-47AA8B0E7AEE}.Release|Any CPU.Build.0 = Release|Any CPU
		{7CEE2416-0AD1-4B08-9925-CA2BD94C00E0}.Debug|Any CPU.ActiveCfg = Debug|Any CPU
		{7CEE2416-0AD1-4B08-9925-CA2BD94C00E0}.Debug|Any CPU.Build.0 = Debug|Any CPU
		{7CEE2416-0AD1-4B08-9925-CA2BD94C00E0}.Release|Any CPU.ActiveCfg = Release|Any CPU
		{7CEE2416-0AD1-4B08-9925-CA2BD94C00E0}.Release|Any CPU.Build.0 = Release|Any CPU
		{D93503E7-6453-42D2-ACB7-CF59C675C35A}.Debug|Any CPU.ActiveCfg = Debug|Any CPU
		{D93503E7-6453-42D2-ACB7-CF59C675C35A}.Debug|Any CPU.Build.0 = Debug|Any CPU
		{D93503E7-6453-42D2-ACB7-CF59C675C35A}.Release|Any CPU.ActiveCfg = Release|Any CPU
		{D93503E7-6453-42D2-ACB7-CF59C675C35A}.Release|Any CPU.Build.0 = Release|Any CPU
		{3DC552B4-F4DB-43F1-A861-256D934EAB0E}.Debug|Any CPU.ActiveCfg = Debug|Any CPU
		{3DC552B4-F4DB-43F1-A861-256D934EAB0E}.Debug|Any CPU.Build.0 = Debug|Any CPU
		{3DC552B4-F4DB-43F1-A861-256D934EAB0E}.Release|Any CPU.ActiveCfg = Release|Any CPU
		{3DC552B4-F4DB-43F1-A861-256D934EAB0E}.Release|Any CPU.Build.0 = Release|Any CPU
	EndGlobalSection
	GlobalSection(SolutionProperties) = preSolution
		HideSolutionNode = FALSE
	EndGlobalSection
	GlobalSection(ExtensibilityGlobals) = postSolution
		SolutionGuid = {E0DDBFED-F373-4AEB-9872-1A77075A094E}
	EndGlobalSection
EndGlobal
